
Microsoft Visual Studio Solution File, Format Version 12.00
# Visual Studio Version 16
VisualStudioVersion = 16.0.28902.138
MinimumVisualStudioVersion = 10.0.40219.1
Project("{9A19103F-16F7-4668-BE54-9A1E7A4F7556}") = "Texnomic.SecureDNS", "Texnomic.SecureDNS\Texnomic.SecureDNS.csproj", "{8E7071ED-9877-4A23-A4DF-5C2362952317}"
EndProject
Project("{9A19103F-16F7-4668-BE54-9A1E7A4F7556}") = "Texnomic.DNS", "Texnomic.DNS\Texnomic.DNS.csproj", "{1FADB21E-BCA7-4A87-A7EE-AC31D928C124}"
EndProject
Project("{2150E333-8FDC-42A3-9474-1A3956D46DE8}") = "Solution Items", "Solution Items", "{C1A98404-2B7E-4FC8-BD0E-E2C0C1B829C6}"
	ProjectSection(SolutionItems) = preProject
		.gitattributes = .gitattributes
		.gitignore = .gitignore
		_config.yml = _config.yml
		FilterLists.xlsx = FilterLists.xlsx
		LICENSE = LICENSE
		README.md = README.md
		RFCs.xlsx = RFCs.xlsx
		TLDs.xlsx = TLDs.xlsx
	EndProjectSection
EndProject
Project("{9A19103F-16F7-4668-BE54-9A1E7A4F7556}") = "Texnomic.SecureDNS.Tests", "Texnomic.SecureDNS.Tests\Texnomic.SecureDNS.Tests.csproj", "{827EC308-B997-40BB-8D38-3B0C6959570D}"
EndProject
Project("{9A19103F-16F7-4668-BE54-9A1E7A4F7556}") = "Texnomic.DNS.Tests", "Texnomic.DNS.Tests\Texnomic.DNS.Tests.csproj", "{F45A4331-4CC4-4977-B3AB-B534F7A15F0C}"
EndProject
Project("{9A19103F-16F7-4668-BE54-9A1E7A4F7556}") = "Texnomic.SecureDNS.Automation", "Texnomic.SecureDNS.Automation\Texnomic.SecureDNS.Automation.csproj", "{01A6E760-91EB-481F-8243-9C2D3DFFDFA8}"
EndProject
Project("{9A19103F-16F7-4668-BE54-9A1E7A4F7556}") = "Texnomic.SecureDNS.Automation.Tests", "Texnomic.SecureDNS.Automation.Tests\Texnomic.SecureDNS.Automation.Tests.csproj", "{EFB5C48D-C4C6-479D-92BD-1F19029F5CC1}"
EndProject
Project("{9A19103F-16F7-4668-BE54-9A1E7A4F7556}") = "Texnomic.SecureDNS.Data", "Texnomic.SecureDNS.Data\Texnomic.SecureDNS.Data.csproj", "{10DECCB9-F189-416F-ABCE-29A53E273EBD}"
EndProject
Project("{9A19103F-16F7-4668-BE54-9A1E7A4F7556}") = "Texnomic.DNS.Abstractions", "Texnomic.DNS.Abstractions\Texnomic.DNS.Abstractions.csproj", "{4785617B-AD42-4EBE-A93E-06A4B15A99BB}"
EndProject
Project("{9A19103F-16F7-4668-BE54-9A1E7A4F7556}") = "Texnomic.SecureDNS.Terminal", "Texnomic.SecureDNS.Terminal\Texnomic.SecureDNS.Terminal.csproj", "{66D712B8-4952-4BA9-980A-EB6618BD228C}"
EndProject
Project("{9A19103F-16F7-4668-BE54-9A1E7A4F7556}") = "Texnomic.DNS.Servers", "Texnomic.DNS.Servers\Texnomic.DNS.Servers.csproj", "{D1EEFB21-54EE-438B-8AD7-ABBD735C1901}"
EndProject
Project("{9A19103F-16F7-4668-BE54-9A1E7A4F7556}") = "Texnomic.DNS.Servers.Tests", "Texnomic.DNS.Servers.Tests\Texnomic.DNS.Servers.Tests.csproj", "{E06C729A-DC27-479E-8A2B-6A83EAE7F5F4}"
EndProject
Project("{9A19103F-16F7-4668-BE54-9A1E7A4F7556}") = "Texnomic.SecureDNS.Data.Abstractions", "Texnomic.SecureDNS.Data.Abstractions\Texnomic.SecureDNS.Data.Abstractions.csproj", "{0D389991-63B0-4BE7-BFBD-B333A39768F8}"
EndProject
Project("{9A19103F-16F7-4668-BE54-9A1E7A4F7556}") = "Texnomic.FilterLists", "Texnomic.FilterLists\Texnomic.FilterLists.csproj", "{C4C6C7A3-CA58-45C7-AAB7-67E519075A6F}"
EndProject
Project("{9A19103F-16F7-4668-BE54-9A1E7A4F7556}") = "Texnomic.FilterLists.Tests", "Texnomic.FilterLists.Tests\Texnomic.FilterLists.Tests.csproj", "{79743923-C66D-48DB-B325-9B9D3D0381E0}"
EndProject
Project("{9A19103F-16F7-4668-BE54-9A1E7A4F7556}") = "Texnomic.ENS.PublicResolver", "Texnomic.ENS.PublicResolver\Texnomic.ENS.PublicResolver.csproj", "{18C77745-80D6-45B1-B98D-AE0A6374D09D}"
EndProject
Project("{9A19103F-16F7-4668-BE54-9A1E7A4F7556}") = "Texnomic.DNS.Roots", "Texnomic.DNS.Roots\Texnomic.DNS.Roots.csproj", "{16735997-48F0-40D1-937E-B20E5FB6A378}"
EndProject
Project("{9A19103F-16F7-4668-BE54-9A1E7A4F7556}") = "Texnomic.DNS.Roots.Tests", "Texnomic.DNS.Roots.Tests\Texnomic.DNS.Roots.Tests.csproj", "{77507239-323C-45B5-AC7F-1ACBDBD0F61E}"
EndProject
Project("{9092AA53-FB77-4645-B42D-1CCCA6BD08BD}") = "Texnomic.ENS.Infrastructure", "Texnomic.ENS.Infrastructure\Texnomic.ENS.Infrastructure.njsproj", "{74DA0A9A-FEA2-4367-B5E0-C6514DA8513D}"
EndProject
Project("{9A19103F-16F7-4668-BE54-9A1E7A4F7556}") = "Texnomic.ENS.Infrastructure.Tests", "Texnomic.ENS.Infrastructure.Tests\Texnomic.ENS.Infrastructure.Tests.csproj", "{2D2E6604-A43C-406A-AF2E-4D1C70136004}"
EndProject
Project("{9A19103F-16F7-4668-BE54-9A1E7A4F7556}") = "Texnomic.ENS.BaseRegistrar", "Texnomic.ENS.BaseRegistrar\Texnomic.ENS.BaseRegistrar.csproj", "{53C3B522-403C-4EB4-BE21-A772A0131691}"
EndProject
Project("{FAE04EC0-301F-11D3-BF4B-00C04F79EFBC}") = "Texnomic.BitStream", "Texnomic.BitStream\Texnomic.BitStream.csproj", "{7F9B3E21-7824-4F77-9F6C-A9D31E3204D5}"
EndProject
Project("{9A19103F-16F7-4668-BE54-9A1E7A4F7556}") = "Texnomic.SecureDNS.Serialization", "Texnomic.SecureDNS.Serialization\Texnomic.SecureDNS.Serialization.csproj", "{FBB1765F-558E-4D8B-AC6A-3CF22845D3A6}"
EndProject
Project("{9A19103F-16F7-4668-BE54-9A1E7A4F7556}") = "Texnomic.SecureDNS.Core", "Texnomic.SecureDNS.Core\Texnomic.SecureDNS.Core.csproj", "{ADA13064-0F67-4A87-BA15-4950BD87EB53}"
EndProject
Project("{9A19103F-16F7-4668-BE54-9A1E7A4F7556}") = "Texnomic.SecureDNS.Abstractions", "Texnomic.SecureDNS.Abstractions\Texnomic.SecureDNS.Abstractions.csproj", "{0C72B387-8B22-4429-98A4-AC4BB2442D28}"
EndProject
Project("{9A19103F-16F7-4668-BE54-9A1E7A4F7556}") = "Texnomic.SecureDNS.Benchmarks", "Texnomic.SecureDNS.Benchmarks\Texnomic.SecureDNS.Benchmarks.csproj", "{639E9F43-4833-47D1-B208-B0C4F66EC8A1}"
EndProject
Project("{9A19103F-16F7-4668-BE54-9A1E7A4F7556}") = "Texnomic.Chaos.NaCl", "Texnomic.Chaos.NaCl\Texnomic.Chaos.NaCl.csproj", "{457650AA-B063-4376-9BE3-905E4EECD21B}"
EndProject
Global
	GlobalSection(SolutionConfigurationPlatforms) = preSolution
		Debug|Any CPU = Debug|Any CPU
		Release|Any CPU = Release|Any CPU
	EndGlobalSection
	GlobalSection(ProjectConfigurationPlatforms) = postSolution
		{8E7071ED-9877-4A23-A4DF-5C2362952317}.Debug|Any CPU.ActiveCfg = Debug|Any CPU
		{8E7071ED-9877-4A23-A4DF-5C2362952317}.Debug|Any CPU.Build.0 = Debug|Any CPU
		{8E7071ED-9877-4A23-A4DF-5C2362952317}.Release|Any CPU.ActiveCfg = Release|Any CPU
		{8E7071ED-9877-4A23-A4DF-5C2362952317}.Release|Any CPU.Build.0 = Release|Any CPU
		{1FADB21E-BCA7-4A87-A7EE-AC31D928C124}.Debug|Any CPU.ActiveCfg = Debug|Any CPU
		{1FADB21E-BCA7-4A87-A7EE-AC31D928C124}.Debug|Any CPU.Build.0 = Debug|Any CPU
		{1FADB21E-BCA7-4A87-A7EE-AC31D928C124}.Release|Any CPU.ActiveCfg = Release|Any CPU
		{1FADB21E-BCA7-4A87-A7EE-AC31D928C124}.Release|Any CPU.Build.0 = Release|Any CPU
		{827EC308-B997-40BB-8D38-3B0C6959570D}.Debug|Any CPU.ActiveCfg = Debug|Any CPU
		{827EC308-B997-40BB-8D38-3B0C6959570D}.Debug|Any CPU.Build.0 = Debug|Any CPU
		{827EC308-B997-40BB-8D38-3B0C6959570D}.Release|Any CPU.ActiveCfg = Release|Any CPU
		{827EC308-B997-40BB-8D38-3B0C6959570D}.Release|Any CPU.Build.0 = Release|Any CPU
		{F45A4331-4CC4-4977-B3AB-B534F7A15F0C}.Debug|Any CPU.ActiveCfg = Debug|Any CPU
		{F45A4331-4CC4-4977-B3AB-B534F7A15F0C}.Debug|Any CPU.Build.0 = Debug|Any CPU
		{F45A4331-4CC4-4977-B3AB-B534F7A15F0C}.Release|Any CPU.ActiveCfg = Release|Any CPU
		{F45A4331-4CC4-4977-B3AB-B534F7A15F0C}.Release|Any CPU.Build.0 = Release|Any CPU
		{01A6E760-91EB-481F-8243-9C2D3DFFDFA8}.Debug|Any CPU.ActiveCfg = Debug|Any CPU
		{01A6E760-91EB-481F-8243-9C2D3DFFDFA8}.Debug|Any CPU.Build.0 = Debug|Any CPU
		{01A6E760-91EB-481F-8243-9C2D3DFFDFA8}.Release|Any CPU.ActiveCfg = Release|Any CPU
		{01A6E760-91EB-481F-8243-9C2D3DFFDFA8}.Release|Any CPU.Build.0 = Release|Any CPU
		{EFB5C48D-C4C6-479D-92BD-1F19029F5CC1}.Debug|Any CPU.ActiveCfg = Debug|Any CPU
		{EFB5C48D-C4C6-479D-92BD-1F19029F5CC1}.Debug|Any CPU.Build.0 = Debug|Any CPU
		{EFB5C48D-C4C6-479D-92BD-1F19029F5CC1}.Release|Any CPU.ActiveCfg = Release|Any CPU
		{EFB5C48D-C4C6-479D-92BD-1F19029F5CC1}.Release|Any CPU.Build.0 = Release|Any CPU
		{10DECCB9-F189-416F-ABCE-29A53E273EBD}.Debug|Any CPU.ActiveCfg = Debug|Any CPU
		{10DECCB9-F189-416F-ABCE-29A53E273EBD}.Debug|Any CPU.Build.0 = Debug|Any CPU
		{10DECCB9-F189-416F-ABCE-29A53E273EBD}.Release|Any CPU.ActiveCfg = Release|Any CPU
		{10DECCB9-F189-416F-ABCE-29A53E273EBD}.Release|Any CPU.Build.0 = Release|Any CPU
		{4785617B-AD42-4EBE-A93E-06A4B15A99BB}.Debug|Any CPU.ActiveCfg = Debug|Any CPU
		{4785617B-AD42-4EBE-A93E-06A4B15A99BB}.Debug|Any CPU.Build.0 = Debug|Any CPU
		{4785617B-AD42-4EBE-A93E-06A4B15A99BB}.Release|Any CPU.ActiveCfg = Release|Any CPU
		{4785617B-AD42-4EBE-A93E-06A4B15A99BB}.Release|Any CPU.Build.0 = Release|Any CPU
		{66D712B8-4952-4BA9-980A-EB6618BD228C}.Debug|Any CPU.ActiveCfg = Debug|Any CPU
		{66D712B8-4952-4BA9-980A-EB6618BD228C}.Debug|Any CPU.Build.0 = Debug|Any CPU
		{66D712B8-4952-4BA9-980A-EB6618BD228C}.Release|Any CPU.ActiveCfg = Release|Any CPU
		{66D712B8-4952-4BA9-980A-EB6618BD228C}.Release|Any CPU.Build.0 = Release|Any CPU
		{D1EEFB21-54EE-438B-8AD7-ABBD735C1901}.Debug|Any CPU.ActiveCfg = Debug|Any CPU
		{D1EEFB21-54EE-438B-8AD7-ABBD735C1901}.Debug|Any CPU.Build.0 = Debug|Any CPU
		{D1EEFB21-54EE-438B-8AD7-ABBD735C1901}.Release|Any CPU.ActiveCfg = Release|Any CPU
		{D1EEFB21-54EE-438B-8AD7-ABBD735C1901}.Release|Any CPU.Build.0 = Release|Any CPU
		{E06C729A-DC27-479E-8A2B-6A83EAE7F5F4}.Debug|Any CPU.ActiveCfg = Debug|Any CPU
		{E06C729A-DC27-479E-8A2B-6A83EAE7F5F4}.Debug|Any CPU.Build.0 = Debug|Any CPU
		{E06C729A-DC27-479E-8A2B-6A83EAE7F5F4}.Release|Any CPU.ActiveCfg = Release|Any CPU
		{E06C729A-DC27-479E-8A2B-6A83EAE7F5F4}.Release|Any CPU.Build.0 = Release|Any CPU
		{0D389991-63B0-4BE7-BFBD-B333A39768F8}.Debug|Any CPU.ActiveCfg = Debug|Any CPU
		{0D389991-63B0-4BE7-BFBD-B333A39768F8}.Debug|Any CPU.Build.0 = Debug|Any CPU
		{0D389991-63B0-4BE7-BFBD-B333A39768F8}.Release|Any CPU.ActiveCfg = Release|Any CPU
		{0D389991-63B0-4BE7-BFBD-B333A39768F8}.Release|Any CPU.Build.0 = Release|Any CPU
		{C4C6C7A3-CA58-45C7-AAB7-67E519075A6F}.Debug|Any CPU.ActiveCfg = Debug|Any CPU
		{C4C6C7A3-CA58-45C7-AAB7-67E519075A6F}.Debug|Any CPU.Build.0 = Debug|Any CPU
		{C4C6C7A3-CA58-45C7-AAB7-67E519075A6F}.Release|Any CPU.ActiveCfg = Release|Any CPU
		{C4C6C7A3-CA58-45C7-AAB7-67E519075A6F}.Release|Any CPU.Build.0 = Release|Any CPU
		{79743923-C66D-48DB-B325-9B9D3D0381E0}.Debug|Any CPU.ActiveCfg = Debug|Any CPU
		{79743923-C66D-48DB-B325-9B9D3D0381E0}.Debug|Any CPU.Build.0 = Debug|Any CPU
		{79743923-C66D-48DB-B325-9B9D3D0381E0}.Release|Any CPU.ActiveCfg = Release|Any CPU
		{79743923-C66D-48DB-B325-9B9D3D0381E0}.Release|Any CPU.Build.0 = Release|Any CPU
		{18C77745-80D6-45B1-B98D-AE0A6374D09D}.Debug|Any CPU.ActiveCfg = Debug|Any CPU
		{18C77745-80D6-45B1-B98D-AE0A6374D09D}.Debug|Any CPU.Build.0 = Debug|Any CPU
		{18C77745-80D6-45B1-B98D-AE0A6374D09D}.Release|Any CPU.ActiveCfg = Release|Any CPU
		{18C77745-80D6-45B1-B98D-AE0A6374D09D}.Release|Any CPU.Build.0 = Release|Any CPU
		{16735997-48F0-40D1-937E-B20E5FB6A378}.Debug|Any CPU.ActiveCfg = Debug|Any CPU
		{16735997-48F0-40D1-937E-B20E5FB6A378}.Debug|Any CPU.Build.0 = Debug|Any CPU
		{16735997-48F0-40D1-937E-B20E5FB6A378}.Release|Any CPU.ActiveCfg = Release|Any CPU
		{16735997-48F0-40D1-937E-B20E5FB6A378}.Release|Any CPU.Build.0 = Release|Any CPU
		{77507239-323C-45B5-AC7F-1ACBDBD0F61E}.Debug|Any CPU.ActiveCfg = Debug|Any CPU
		{77507239-323C-45B5-AC7F-1ACBDBD0F61E}.Debug|Any CPU.Build.0 = Debug|Any CPU
		{77507239-323C-45B5-AC7F-1ACBDBD0F61E}.Release|Any CPU.ActiveCfg = Release|Any CPU
		{77507239-323C-45B5-AC7F-1ACBDBD0F61E}.Release|Any CPU.Build.0 = Release|Any CPU
		{74DA0A9A-FEA2-4367-B5E0-C6514DA8513D}.Debug|Any CPU.ActiveCfg = Debug|Any CPU
		{74DA0A9A-FEA2-4367-B5E0-C6514DA8513D}.Debug|Any CPU.Build.0 = Debug|Any CPU
		{74DA0A9A-FEA2-4367-B5E0-C6514DA8513D}.Release|Any CPU.ActiveCfg = Release|Any CPU
		{74DA0A9A-FEA2-4367-B5E0-C6514DA8513D}.Release|Any CPU.Build.0 = Release|Any CPU
		{2D2E6604-A43C-406A-AF2E-4D1C70136004}.Debug|Any CPU.ActiveCfg = Debug|Any CPU
		{2D2E6604-A43C-406A-AF2E-4D1C70136004}.Debug|Any CPU.Build.0 = Debug|Any CPU
		{2D2E6604-A43C-406A-AF2E-4D1C70136004}.Release|Any CPU.ActiveCfg = Release|Any CPU
		{2D2E6604-A43C-406A-AF2E-4D1C70136004}.Release|Any CPU.Build.0 = Release|Any CPU
		{53C3B522-403C-4EB4-BE21-A772A0131691}.Debug|Any CPU.ActiveCfg = Debug|Any CPU
		{53C3B522-403C-4EB4-BE21-A772A0131691}.Debug|Any CPU.Build.0 = Debug|Any CPU
		{53C3B522-403C-4EB4-BE21-A772A0131691}.Release|Any CPU.ActiveCfg = Release|Any CPU
		{53C3B522-403C-4EB4-BE21-A772A0131691}.Release|Any CPU.Build.0 = Release|Any CPU
		{7F9B3E21-7824-4F77-9F6C-A9D31E3204D5}.Debug|Any CPU.ActiveCfg = Debug|Any CPU
		{7F9B3E21-7824-4F77-9F6C-A9D31E3204D5}.Debug|Any CPU.Build.0 = Debug|Any CPU
		{7F9B3E21-7824-4F77-9F6C-A9D31E3204D5}.Release|Any CPU.ActiveCfg = Release|Any CPU
		{7F9B3E21-7824-4F77-9F6C-A9D31E3204D5}.Release|Any CPU.Build.0 = Release|Any CPU
		{FBB1765F-558E-4D8B-AC6A-3CF22845D3A6}.Debug|Any CPU.ActiveCfg = Debug|Any CPU
		{FBB1765F-558E-4D8B-AC6A-3CF22845D3A6}.Debug|Any CPU.Build.0 = Debug|Any CPU
		{FBB1765F-558E-4D8B-AC6A-3CF22845D3A6}.Release|Any CPU.ActiveCfg = Release|Any CPU
		{FBB1765F-558E-4D8B-AC6A-3CF22845D3A6}.Release|Any CPU.Build.0 = Release|Any CPU
		{ADA13064-0F67-4A87-BA15-4950BD87EB53}.Debug|Any CPU.ActiveCfg = Debug|Any CPU
		{ADA13064-0F67-4A87-BA15-4950BD87EB53}.Debug|Any CPU.Build.0 = Debug|Any CPU
		{ADA13064-0F67-4A87-BA15-4950BD87EB53}.Release|Any CPU.ActiveCfg = Release|Any CPU
		{ADA13064-0F67-4A87-BA15-4950BD87EB53}.Release|Any CPU.Build.0 = Release|Any CPU
		{0C72B387-8B22-4429-98A4-AC4BB2442D28}.Debug|Any CPU.ActiveCfg = Debug|Any CPU
		{0C72B387-8B22-4429-98A4-AC4BB2442D28}.Debug|Any CPU.Build.0 = Debug|Any CPU
		{0C72B387-8B22-4429-98A4-AC4BB2442D28}.Release|Any CPU.ActiveCfg = Release|Any CPU
		{0C72B387-8B22-4429-98A4-AC4BB2442D28}.Release|Any CPU.Build.0 = Release|Any CPU
		{639E9F43-4833-47D1-B208-B0C4F66EC8A1}.Debug|Any CPU.ActiveCfg = Debug|Any CPU
		{639E9F43-4833-47D1-B208-B0C4F66EC8A1}.Debug|Any CPU.Build.0 = Debug|Any CPU
		{639E9F43-4833-47D1-B208-B0C4F66EC8A1}.Release|Any CPU.ActiveCfg = Release|Any CPU
		{639E9F43-4833-47D1-B208-B0C4F66EC8A1}.Release|Any CPU.Build.0 = Release|Any CPU
		{457650AA-B063-4376-9BE3-905E4EECD21B}.Debug|Any CPU.ActiveCfg = Debug|Any CPU
		{457650AA-B063-4376-9BE3-905E4EECD21B}.Debug|Any CPU.Build.0 = Debug|Any CPU
		{457650AA-B063-4376-9BE3-905E4EECD21B}.Release|Any CPU.ActiveCfg = Release|Any CPU
		{457650AA-B063-4376-9BE3-905E4EECD21B}.Release|Any CPU.Build.0 = Release|Any CPU
	EndGlobalSection
	GlobalSection(SolutionProperties) = preSolution
		HideSolutionNode = FALSE
	EndGlobalSection
	GlobalSection(ExtensibilityGlobals) = postSolution
		SolutionGuid = {259A70E9-4C43-4A40-94B5-EE6D76EEE14F}
	EndGlobalSection
EndGlobal
