
Microsoft Visual Studio Solution File, Format Version 12.00
# Visual Studio Version 16
VisualStudioVersion = 16.0.28902.138
MinimumVisualStudioVersion = 10.0.40219.1
Project("{9A19103F-16F7-4668-BE54-9A1E7A4F7556}") = "Texnomic.SecureDNS", "Texnomic.SecureDNS\Texnomic.SecureDNS.csproj", "{8E7071ED-9877-4A23-A4DF-5C2362952317}"
EndProject
Project("{9A19103F-16F7-4668-BE54-9A1E7A4F7556}") = "Texnomic.DNS", "Texnomic.DNS\Texnomic.DNS.csproj", "{1FADB21E-BCA7-4A87-A7EE-AC31D928C124}"
EndProject
Project("{2150E333-8FDC-42A3-9474-1A3956D46DE8}") = "Solution Items", "Solution Items", "{C1A98404-2B7E-4FC8-BD0E-E2C0C1B829C6}"
	ProjectSection(SolutionItems) = preProject
		.gitattributes = .gitattributes
		.gitignore = .gitignore
		LICENSE = LICENSE
		README.md = README.md
		RFCs.xlsx = RFCs.xlsx
		TLDs.xlsx = TLDs.xlsx
	EndProjectSection
EndProject
Project("{9A19103F-16F7-4668-BE54-9A1E7A4F7556}") = "Texnomic.SecureDNS.Tests", "Texnomic.SecureDNS.Tests\Texnomic.SecureDNS.Tests.csproj", "{827EC308-B997-40BB-8D38-3B0C6959570D}"
EndProject
Project("{9A19103F-16F7-4668-BE54-9A1E7A4F7556}") = "Texnomic.DNS.Tests", "Texnomic.DNS.Tests\Texnomic.DNS.Tests.csproj", "{F45A4331-4CC4-4977-B3AB-B534F7A15F0C}"
EndProject
Project("{9A19103F-16F7-4668-BE54-9A1E7A4F7556}") = "Texnomic.SecureDNS.Automation", "Texnomic.SecureDNS.Automation\Texnomic.SecureDNS.Automation.csproj", "{01A6E760-91EB-481F-8243-9C2D3DFFDFA8}"
EndProject
Project("{9A19103F-16F7-4668-BE54-9A1E7A4F7556}") = "Texnomic.SecureDNS.Automation.Tests", "Texnomic.SecureDNS.Automation.Tests\Texnomic.SecureDNS.Automation.Tests.csproj", "{EFB5C48D-C4C6-479D-92BD-1F19029F5CC1}"
EndProject
Project("{9A19103F-16F7-4668-BE54-9A1E7A4F7556}") = "Texnomic.SecureDNS.Data", "Texnomic.SecureDNS.Data\Texnomic.SecureDNS.Data.csproj", "{10DECCB9-F189-416F-ABCE-29A53E273EBD}"
EndProject
Project("{FAE04EC0-301F-11D3-BF4B-00C04F79EFBC}") = "Texnomic.Blazor.Components", "Texnomic.Blazor.Components\Texnomic.Blazor.Components.csproj", "{5C9239F0-A6C7-4FB1-8383-8524F2AE0FA9}"
EndProject
Global
	GlobalSection(SolutionConfigurationPlatforms) = preSolution
		Debug|Any CPU = Debug|Any CPU
		Release|Any CPU = Release|Any CPU
	EndGlobalSection
	GlobalSection(ProjectConfigurationPlatforms) = postSolution
		{8E7071ED-9877-4A23-A4DF-5C2362952317}.Debug|Any CPU.ActiveCfg = Debug|Any CPU
		{8E7071ED-9877-4A23-A4DF-5C2362952317}.Debug|Any CPU.Build.0 = Debug|Any CPU
		{8E7071ED-9877-4A23-A4DF-5C2362952317}.Release|Any CPU.ActiveCfg = Release|Any CPU
		{8E7071ED-9877-4A23-A4DF-5C2362952317}.Release|Any CPU.Build.0 = Release|Any CPU
		{1FADB21E-BCA7-4A87-A7EE-AC31D928C124}.Debug|Any CPU.ActiveCfg = Debug|Any CPU
		{1FADB21E-BCA7-4A87-A7EE-AC31D928C124}.Debug|Any CPU.Build.0 = Debug|Any CPU
		{1FADB21E-BCA7-4A87-A7EE-AC31D928C124}.Release|Any CPU.ActiveCfg = Release|Any CPU
		{1FADB21E-BCA7-4A87-A7EE-AC31D928C124}.Release|Any CPU.Build.0 = Release|Any CPU
		{827EC308-B997-40BB-8D38-3B0C6959570D}.Debug|Any CPU.ActiveCfg = Debug|Any CPU
		{827EC308-B997-40BB-8D38-3B0C6959570D}.Debug|Any CPU.Build.0 = Debug|Any CPU
		{827EC308-B997-40BB-8D38-3B0C6959570D}.Release|Any CPU.ActiveCfg = Release|Any CPU
		{827EC308-B997-40BB-8D38-3B0C6959570D}.Release|Any CPU.Build.0 = Release|Any CPU
		{F45A4331-4CC4-4977-B3AB-B534F7A15F0C}.Debug|Any CPU.ActiveCfg = Debug|Any CPU
		{F45A4331-4CC4-4977-B3AB-B534F7A15F0C}.Debug|Any CPU.Build.0 = Debug|Any CPU
		{F45A4331-4CC4-4977-B3AB-B534F7A15F0C}.Release|Any CPU.ActiveCfg = Release|Any CPU
		{F45A4331-4CC4-4977-B3AB-B534F7A15F0C}.Release|Any CPU.Build.0 = Release|Any CPU
		{01A6E760-91EB-481F-8243-9C2D3DFFDFA8}.Debug|Any CPU.ActiveCfg = Debug|Any CPU
		{01A6E760-91EB-481F-8243-9C2D3DFFDFA8}.Debug|Any CPU.Build.0 = Debug|Any CPU
		{01A6E760-91EB-481F-8243-9C2D3DFFDFA8}.Release|Any CPU.ActiveCfg = Release|Any CPU
		{01A6E760-91EB-481F-8243-9C2D3DFFDFA8}.Release|Any CPU.Build.0 = Release|Any CPU
		{EFB5C48D-C4C6-479D-92BD-1F19029F5CC1}.Debug|Any CPU.ActiveCfg = Debug|Any CPU
		{EFB5C48D-C4C6-479D-92BD-1F19029F5CC1}.Debug|Any CPU.Build.0 = Debug|Any CPU
		{EFB5C48D-C4C6-479D-92BD-1F19029F5CC1}.Release|Any CPU.ActiveCfg = Release|Any CPU
		{EFB5C48D-C4C6-479D-92BD-1F19029F5CC1}.Release|Any CPU.Build.0 = Release|Any CPU
		{10DECCB9-F189-416F-ABCE-29A53E273EBD}.Debug|Any CPU.ActiveCfg = Debug|Any CPU
		{10DECCB9-F189-416F-ABCE-29A53E273EBD}.Debug|Any CPU.Build.0 = Debug|Any CPU
		{10DECCB9-F189-416F-ABCE-29A53E273EBD}.Release|Any CPU.ActiveCfg = Release|Any CPU
		{10DECCB9-F189-416F-ABCE-29A53E273EBD}.Release|Any CPU.Build.0 = Release|Any CPU
		{5C9239F0-A6C7-4FB1-8383-8524F2AE0FA9}.Debug|Any CPU.ActiveCfg = Debug|Any CPU
		{5C9239F0-A6C7-4FB1-8383-8524F2AE0FA9}.Debug|Any CPU.Build.0 = Debug|Any CPU
		{5C9239F0-A6C7-4FB1-8383-8524F2AE0FA9}.Release|Any CPU.ActiveCfg = Release|Any CPU
		{5C9239F0-A6C7-4FB1-8383-8524F2AE0FA9}.Release|Any CPU.Build.0 = Release|Any CPU
	EndGlobalSection
	GlobalSection(SolutionProperties) = preSolution
		HideSolutionNode = FALSE
	EndGlobalSection
	GlobalSection(ExtensibilityGlobals) = postSolution
		SolutionGuid = {259A70E9-4C43-4A40-94B5-EE6D76EEE14F}
	EndGlobalSection
EndGlobal
