
Microsoft Visual Studio Solution File, Format Version 12.00
# Visual Studio Version 16
VisualStudioVersion = 16.0.28902.138
MinimumVisualStudioVersion = 10.0.40219.1
Project("{9A19103F-16F7-4668-BE54-9A1E7A4F7556}") = "Texnomic.SecureDNS", "Texnomic.SecureDNS\Texnomic.SecureDNS.csproj", "{8E7071ED-9877-4A23-A4DF-5C2362952317}"
EndProject
Project("{9A19103F-16F7-4668-BE54-9A1E7A4F7556}") = "Texnomic.DNS", "..\Texnomic.DNS\DNS\Texnomic.DNS.csproj", "{F4F6284E-B39C-42F6-84D2-549C515EF464}"
EndProject
Global
	GlobalSection(SolutionConfigurationPlatforms) = preSolution
		Debug|Any CPU = Debug|Any CPU
		Release|Any CPU = Release|Any CPU
	EndGlobalSection
	GlobalSection(ProjectConfigurationPlatforms) = postSolution
		{8E7071ED-9877-4A23-A4DF-5C2362952317}.Debug|Any CPU.ActiveCfg = Debug|Any CPU
		{8E7071ED-9877-4A23-A4DF-5C2362952317}.Debug|Any CPU.Build.0 = Debug|Any CPU
		{8E7071ED-9877-4A23-A4DF-5C2362952317}.Release|Any CPU.ActiveCfg = Release|Any CPU
		{8E7071ED-9877-4A23-A4DF-5C2362952317}.Release|Any CPU.Build.0 = Release|Any CPU
		{F4F6284E-B39C-42F6-84D2-549C515EF464}.Debug|Any CPU.ActiveCfg = Debug|Any CPU
		{F4F6284E-B39C-42F6-84D2-549C515EF464}.Debug|Any CPU.Build.0 = Debug|Any CPU
		{F4F6284E-B39C-42F6-84D2-549C515EF464}.Release|Any CPU.ActiveCfg = Release|Any CPU
		{F4F6284E-B39C-42F6-84D2-549C515EF464}.Release|Any CPU.Build.0 = Release|Any CPU
	EndGlobalSection
	GlobalSection(SolutionProperties) = preSolution
		HideSolutionNode = FALSE
	EndGlobalSection
	GlobalSection(ExtensibilityGlobals) = postSolution
		SolutionGuid = {259A70E9-4C43-4A40-94B5-EE6D76EEE14F}
	EndGlobalSection
EndGlobal
